
Microsoft Visual Studio Solution File, Format Version 12.00
# Visual Studio Version 16
VisualStudioVersion = 16.0.29519.181
MinimumVisualStudioVersion = 10.0.40219.1
Project("{9A19103F-16F7-4668-BE54-9A1E7A4F7556}") = "EchoBot1", "EchoBot1\EchoBot1.csproj", "{D8122C95-F858-48AF-A187-487C3659F513}"
EndProject
Project("{2150E333-8FDC-42A3-9474-1A3956D46DE8}") = "Solution Items", "Solution Items", "{6A483487-683B-4C89-9E97-C72A0AF656F0}"
	ProjectSection(SolutionItems) = preProject
		.editorconfig = .editorconfig
	EndProjectSection
EndProject
Global
	GlobalSection(SolutionConfigurationPlatforms) = preSolution
		Debug|Any CPU = Debug|Any CPU
		Release|Any CPU = Release|Any CPU
	EndGlobalSection
	GlobalSection(ProjectConfigurationPlatforms) = postSolution
		{D8122C95-F858-48AF-A187-487C3659F513}.Debug|Any CPU.ActiveCfg = Debug|Any CPU
		{D8122C95-F858-48AF-A187-487C3659F513}.Debug|Any CPU.Build.0 = Debug|Any CPU
		{D8122C95-F858-48AF-A187-487C3659F513}.Release|Any CPU.ActiveCfg = Release|Any CPU
		{D8122C95-F858-48AF-A187-487C3659F513}.Release|Any CPU.Build.0 = Release|Any CPU
	EndGlobalSection
	GlobalSection(SolutionProperties) = preSolution
		HideSolutionNode = FALSE
	EndGlobalSection
	GlobalSection(ExtensibilityGlobals) = postSolution
		SolutionGuid = {7E4ADAD2-FF02-4762-AA54-697DF79B58E3}
	EndGlobalSection
EndGlobal
